// !$*UTF8*$!
{
	archiveVersion = 1;
	classes = {
	};
	objectVersion = 46;
	objects = {

/* Begin PBXBuildFile section */
		078676C11AE85112006D07BB /* WikipediaHelper.m in Sources */ = {isa = PBXBuildFile; fileRef = 078676C01AE85112006D07BB /* WikipediaHelper.m */; };
		079333141AEF43D800A13665 /* QuizMapViewController.m in Sources */ = {isa = PBXBuildFile; fileRef = 079333121AEF43D800A13665 /* QuizMapViewController.m */; };
		079333151AEF43D800A13665 /* QuizMapViewController.xib in Resources */ = {isa = PBXBuildFile; fileRef = 079333131AEF43D800A13665 /* QuizMapViewController.xib */; };
		079333191AEF44FC00A13665 /* HomeViewController.m in Sources */ = {isa = PBXBuildFile; fileRef = 079333171AEF44FC00A13665 /* HomeViewController.m */; };
		0793331A1AEF44FC00A13665 /* HomeViewController.xib in Resources */ = {isa = PBXBuildFile; fileRef = 079333181AEF44FC00A13665 /* HomeViewController.xib */; };
		0793331D1AEF63E500A13665 /* QuestionBank.m in Sources */ = {isa = PBXBuildFile; fileRef = 0793331C1AEF63E500A13665 /* QuestionBank.m */; };
		0793331F1AEF7BFD00A13665 /* QuartzCore.framework in Frameworks */ = {isa = PBXBuildFile; fileRef = 0793331E1AEF7BFD00A13665 /* QuartzCore.framework */; };
		07A66B241AE75A1300756D21 /* WebViewController.m in Sources */ = {isa = PBXBuildFile; fileRef = 07A66B231AE75A1300756D21 /* WebViewController.m */; };
		07D6588E1ADEE553002DD979 /* main.m in Sources */ = {isa = PBXBuildFile; fileRef = 07D6588D1ADEE553002DD979 /* main.m */; };
		07D658911ADEE553002DD979 /* AppDelegate.m in Sources */ = {isa = PBXBuildFile; fileRef = 07D658901ADEE553002DD979 /* AppDelegate.m */; };
		07D658931ADEE553002DD979 /* Images.xcassets in Resources */ = {isa = PBXBuildFile; fileRef = 07D658921ADEE553002DD979 /* Images.xcassets */; };
		07D658961ADEE553002DD979 /* LaunchScreen.xib in Resources */ = {isa = PBXBuildFile; fileRef = 07D658941ADEE553002DD979 /* LaunchScreen.xib */; };
		07D658A21ADEE553002DD979 /* GeographyTests.m in Sources */ = {isa = PBXBuildFile; fileRef = 07D658A11ADEE553002DD979 /* GeographyTests.m */; };
		07D658AC1ADEE57B002DD979 /* MapKit.framework in Frameworks */ = {isa = PBXBuildFile; fileRef = 07D658AB1ADEE57B002DD979 /* MapKit.framework */; };
		07D658AF1ADEE778002DD979 /* MapViewController.m in Sources */ = {isa = PBXBuildFile; fileRef = 07D658AE1ADEE778002DD979 /* MapViewController.m */; };
		2F9DCA3ECB9A44DC5D4D2D24 /* libPods.a in Frameworks */ = {isa = PBXBuildFile; fileRef = DC78A8524AF6BA544FE0FA64 /* libPods.a */; };
/* End PBXBuildFile section */

/* Begin PBXContainerItemProxy section */
		07D6589C1ADEE553002DD979 /* PBXContainerItemProxy */ = {
			isa = PBXContainerItemProxy;
			containerPortal = 07D658801ADEE553002DD979 /* Project object */;
			proxyType = 1;
			remoteGlobalIDString = 07D658871ADEE553002DD979;
			remoteInfo = Geography;
		};
/* End PBXContainerItemProxy section */

/* Begin PBXFileReference section */
		078676BF1AE85112006D07BB /* WikipediaHelper.h */ = {isa = PBXFileReference; fileEncoding = 4; lastKnownFileType = sourcecode.c.h; path = WikipediaHelper.h; sourceTree = "<group>"; };
		078676C01AE85112006D07BB /* WikipediaHelper.m */ = {isa = PBXFileReference; fileEncoding = 4; lastKnownFileType = sourcecode.c.objc; path = WikipediaHelper.m; sourceTree = "<group>"; };
		079333111AEF43D800A13665 /* QuizMapViewController.h */ = {isa = PBXFileReference; fileEncoding = 4; lastKnownFileType = sourcecode.c.h; path = QuizMapViewController.h; sourceTree = "<group>"; };
		079333121AEF43D800A13665 /* QuizMapViewController.m */ = {isa = PBXFileReference; fileEncoding = 4; lastKnownFileType = sourcecode.c.objc; path = QuizMapViewController.m; sourceTree = "<group>"; };
		079333131AEF43D800A13665 /* QuizMapViewController.xib */ = {isa = PBXFileReference; fileEncoding = 4; lastKnownFileType = file.xib; path = QuizMapViewController.xib; sourceTree = "<group>"; };
		079333161AEF44FC00A13665 /* HomeViewController.h */ = {isa = PBXFileReference; fileEncoding = 4; lastKnownFileType = sourcecode.c.h; path = HomeViewController.h; sourceTree = "<group>"; };
		079333171AEF44FC00A13665 /* HomeViewController.m */ = {isa = PBXFileReference; fileEncoding = 4; lastKnownFileType = sourcecode.c.objc; path = HomeViewController.m; sourceTree = "<group>"; };
		079333181AEF44FC00A13665 /* HomeViewController.xib */ = {isa = PBXFileReference; fileEncoding = 4; lastKnownFileType = file.xib; path = HomeViewController.xib; sourceTree = "<group>"; };
		0793331B1AEF63E500A13665 /* QuestionBank.h */ = {isa = PBXFileReference; fileEncoding = 4; lastKnownFileType = sourcecode.c.h; path = QuestionBank.h; sourceTree = "<group>"; };
		0793331C1AEF63E500A13665 /* QuestionBank.m */ = {isa = PBXFileReference; fileEncoding = 4; lastKnownFileType = sourcecode.c.objc; path = QuestionBank.m; sourceTree = "<group>"; };
		0793331E1AEF7BFD00A13665 /* QuartzCore.framework */ = {isa = PBXFileReference; lastKnownFileType = wrapper.framework; name = QuartzCore.framework; path = System/Library/Frameworks/QuartzCore.framework; sourceTree = SDKROOT; };
		07A66B221AE75A1300756D21 /* WebViewController.h */ = {isa = PBXFileReference; fileEncoding = 4; lastKnownFileType = sourcecode.c.h; path = WebViewController.h; sourceTree = "<group>"; };
		07A66B231AE75A1300756D21 /* WebViewController.m */ = {isa = PBXFileReference; fileEncoding = 4; lastKnownFileType = sourcecode.c.objc; path = WebViewController.m; sourceTree = "<group>"; };
		07D658881ADEE553002DD979 /* Geography.app */ = {isa = PBXFileReference; explicitFileType = wrapper.application; includeInIndex = 0; path = Geography.app; sourceTree = BUILT_PRODUCTS_DIR; };
		07D6588C1ADEE553002DD979 /* Info.plist */ = {isa = PBXFileReference; lastKnownFileType = text.plist.xml; path = Info.plist; sourceTree = "<group>"; };
		07D6588D1ADEE553002DD979 /* main.m */ = {isa = PBXFileReference; lastKnownFileType = sourcecode.c.objc; path = main.m; sourceTree = "<group>"; };
		07D6588F1ADEE553002DD979 /* AppDelegate.h */ = {isa = PBXFileReference; lastKnownFileType = sourcecode.c.h; path = AppDelegate.h; sourceTree = "<group>"; };
		07D658901ADEE553002DD979 /* AppDelegate.m */ = {isa = PBXFileReference; lastKnownFileType = sourcecode.c.objc; path = AppDelegate.m; sourceTree = "<group>"; };
		07D658921ADEE553002DD979 /* Images.xcassets */ = {isa = PBXFileReference; lastKnownFileType = folder.assetcatalog; path = Images.xcassets; sourceTree = "<group>"; };
		07D658951ADEE553002DD979 /* Base */ = {isa = PBXFileReference; lastKnownFileType = file.xib; name = Base; path = Base.lproj/LaunchScreen.xib; sourceTree = "<group>"; };
		07D6589B1ADEE553002DD979 /* GeographyTests.xctest */ = {isa = PBXFileReference; explicitFileType = wrapper.cfbundle; includeInIndex = 0; path = GeographyTests.xctest; sourceTree = BUILT_PRODUCTS_DIR; };
		07D658A01ADEE553002DD979 /* Info.plist */ = {isa = PBXFileReference; lastKnownFileType = text.plist.xml; path = Info.plist; sourceTree = "<group>"; };
		07D658A11ADEE553002DD979 /* GeographyTests.m */ = {isa = PBXFileReference; lastKnownFileType = sourcecode.c.objc; path = GeographyTests.m; sourceTree = "<group>"; };
		07D658AB1ADEE57B002DD979 /* MapKit.framework */ = {isa = PBXFileReference; lastKnownFileType = wrapper.framework; name = MapKit.framework; path = System/Library/Frameworks/MapKit.framework; sourceTree = SDKROOT; };
		07D658AD1ADEE778002DD979 /* MapViewController.h */ = {isa = PBXFileReference; fileEncoding = 4; lastKnownFileType = sourcecode.c.h; path = MapViewController.h; sourceTree = "<group>"; };
		07D658AE1ADEE778002DD979 /* MapViewController.m */ = {isa = PBXFileReference; fileEncoding = 4; lastKnownFileType = sourcecode.c.objc; path = MapViewController.m; sourceTree = "<group>"; };
		92AAA16BBC60B38EF4745319 /* Pods.release.xcconfig */ = {isa = PBXFileReference; includeInIndex = 1; lastKnownFileType = text.xcconfig; name = Pods.release.xcconfig; path = "Pods/Target Support Files/Pods/Pods.release.xcconfig"; sourceTree = "<group>"; };
		BF25C80EE1EF3B90C5881096 /* Pods.debug.xcconfig */ = {isa = PBXFileReference; includeInIndex = 1; lastKnownFileType = text.xcconfig; name = Pods.debug.xcconfig; path = "Pods/Target Support Files/Pods/Pods.debug.xcconfig"; sourceTree = "<group>"; };
		DC78A8524AF6BA544FE0FA64 /* libPods.a */ = {isa = PBXFileReference; explicitFileType = archive.ar; includeInIndex = 0; path = libPods.a; sourceTree = BUILT_PRODUCTS_DIR; };
/* End PBXFileReference section */

/* Begin PBXFrameworksBuildPhase section */
		07D658851ADEE553002DD979 /* Frameworks */ = {
			isa = PBXFrameworksBuildPhase;
			buildActionMask = 2147483647;
			files = (
				0793331F1AEF7BFD00A13665 /* QuartzCore.framework in Frameworks */,
				07D658AC1ADEE57B002DD979 /* MapKit.framework in Frameworks */,
				2F9DCA3ECB9A44DC5D4D2D24 /* libPods.a in Frameworks */,
			);
			runOnlyForDeploymentPostprocessing = 0;
		};
		07D658981ADEE553002DD979 /* Frameworks */ = {
			isa = PBXFrameworksBuildPhase;
			buildActionMask = 2147483647;
			files = (
			);
			runOnlyForDeploymentPostprocessing = 0;
		};
/* End PBXFrameworksBuildPhase section */

/* Begin PBXGroup section */
		07D6587F1ADEE553002DD979 = {
			isa = PBXGroup;
			children = (
				07D658AB1ADEE57B002DD979 /* MapKit.framework */,
				07D6588A1ADEE553002DD979 /* Geography */,
				07D6589E1ADEE553002DD979 /* GeographyTests */,
				07D658891ADEE553002DD979 /* Products */,
				C366EE0A5CE42E53B4773BE4 /* Pods */,
				D578D16A14AECC57673797D2 /* Frameworks */,
			);
			sourceTree = "<group>";
		};
		07D658891ADEE553002DD979 /* Products */ = {
			isa = PBXGroup;
			children = (
				07D658881ADEE553002DD979 /* Geography.app */,
				07D6589B1ADEE553002DD979 /* GeographyTests.xctest */,
			);
			name = Products;
			sourceTree = "<group>";
		};
		07D6588A1ADEE553002DD979 /* Geography */ = {
			isa = PBXGroup;
			children = (
				07D6588F1ADEE553002DD979 /* AppDelegate.h */,
				079333111AEF43D800A13665 /* QuizMapViewController.h */,
				079333121AEF43D800A13665 /* QuizMapViewController.m */,
				079333131AEF43D800A13665 /* QuizMapViewController.xib */,
				07D658901ADEE553002DD979 /* AppDelegate.m */,
				078676BF1AE85112006D07BB /* WikipediaHelper.h */,
				078676C01AE85112006D07BB /* WikipediaHelper.m */,
				07D658921ADEE553002DD979 /* Images.xcassets */,
				07D658941ADEE553002DD979 /* LaunchScreen.xib */,
				079333161AEF44FC00A13665 /* HomeViewController.h */,
				079333171AEF44FC00A13665 /* HomeViewController.m */,
				0793331B1AEF63E500A13665 /* QuestionBank.h */,
				0793331C1AEF63E500A13665 /* QuestionBank.m */,
				079333181AEF44FC00A13665 /* HomeViewController.xib */,
				07D6588B1ADEE553002DD979 /* Supporting Files */,
				07D658AD1ADEE778002DD979 /* MapViewController.h */,
				07D658AE1ADEE778002DD979 /* MapViewController.m */,
				07A66B221AE75A1300756D21 /* WebViewController.h */,
				07A66B231AE75A1300756D21 /* WebViewController.m */,
			);
			path = Geography;
			sourceTree = "<group>";
		};
		07D6588B1ADEE553002DD979 /* Supporting Files */ = {
			isa = PBXGroup;
			children = (
				07D6588C1ADEE553002DD979 /* Info.plist */,
				07D6588D1ADEE553002DD979 /* main.m */,
			);
			name = "Supporting Files";
			sourceTree = "<group>";
		};
		07D6589E1ADEE553002DD979 /* GeographyTests */ = {
			isa = PBXGroup;
			children = (
				07D658A11ADEE553002DD979 /* GeographyTests.m */,
				07D6589F1ADEE553002DD979 /* Supporting Files */,
			);
			path = GeographyTests;
			sourceTree = "<group>";
		};
		07D6589F1ADEE553002DD979 /* Supporting Files */ = {
			isa = PBXGroup;
			children = (
				07D658A01ADEE553002DD979 /* Info.plist */,
			);
			name = "Supporting Files";
			sourceTree = "<group>";
		};
		C366EE0A5CE42E53B4773BE4 /* Pods */ = {
			isa = PBXGroup;
			children = (
				BF25C80EE1EF3B90C5881096 /* Pods.debug.xcconfig */,
				92AAA16BBC60B38EF4745319 /* Pods.release.xcconfig */,
			);
			name = Pods;
			sourceTree = "<group>";
		};
		D578D16A14AECC57673797D2 /* Frameworks */ = {
			isa = PBXGroup;
			children = (
				0793331E1AEF7BFD00A13665 /* QuartzCore.framework */,
				DC78A8524AF6BA544FE0FA64 /* libPods.a */,
			);
			name = Frameworks;
			sourceTree = "<group>";
		};
/* End PBXGroup section */

/* Begin PBXNativeTarget section */
		07D658871ADEE553002DD979 /* Geography */ = {
			isa = PBXNativeTarget;
			buildConfigurationList = 07D658A51ADEE553002DD979 /* Build configuration list for PBXNativeTarget "Geography" */;
			buildPhases = (
				E07C40E8DBF9C3F447EB5650 /* Check Pods Manifest.lock */,
				07D658841ADEE553002DD979 /* Sources */,
				07D658851ADEE553002DD979 /* Frameworks */,
				07D658861ADEE553002DD979 /* Resources */,
				EE395458467F0A114DD99B6A /* Copy Pods Resources */,
			);
			buildRules = (
			);
			dependencies = (
			);
			name = Geography;
			productName = Geography;
			productReference = 07D658881ADEE553002DD979 /* Geography.app */;
			productType = "com.apple.product-type.application";
		};
		07D6589A1ADEE553002DD979 /* GeographyTests */ = {
			isa = PBXNativeTarget;
			buildConfigurationList = 07D658A81ADEE553002DD979 /* Build configuration list for PBXNativeTarget "GeographyTests" */;
			buildPhases = (
				07D658971ADEE553002DD979 /* Sources */,
				07D658981ADEE553002DD979 /* Frameworks */,
				07D658991ADEE553002DD979 /* Resources */,
			);
			buildRules = (
			);
			dependencies = (
				07D6589D1ADEE553002DD979 /* PBXTargetDependency */,
			);
			name = GeographyTests;
			productName = GeographyTests;
			productReference = 07D6589B1ADEE553002DD979 /* GeographyTests.xctest */;
			productType = "com.apple.product-type.bundle.unit-test";
		};
/* End PBXNativeTarget section */

/* Begin PBXProject section */
		07D658801ADEE553002DD979 /* Project object */ = {
			isa = PBXProject;
			attributes = {
				LastUpgradeCheck = 0630;
				ORGANIZATIONNAME = "Omar Rahman";
				TargetAttributes = {
					07D658871ADEE553002DD979 = {
						CreatedOnToolsVersion = 6.3;
					};
					07D6589A1ADEE553002DD979 = {
						CreatedOnToolsVersion = 6.3;
						TestTargetID = 07D658871ADEE553002DD979;
					};
				};
			};
			buildConfigurationList = 07D658831ADEE553002DD979 /* Build configuration list for PBXProject "Geography" */;
			compatibilityVersion = "Xcode 3.2";
			developmentRegion = English;
			hasScannedForEncodings = 0;
			knownRegions = (
				en,
				Base,
			);
			mainGroup = 07D6587F1ADEE553002DD979;
			productRefGroup = 07D658891ADEE553002DD979 /* Products */;
			projectDirPath = "";
			projectRoot = "";
			targets = (
				07D658871ADEE553002DD979 /* Geography */,
				07D6589A1ADEE553002DD979 /* GeographyTests */,
			);
		};
/* End PBXProject section */

/* Begin PBXResourcesBuildPhase section */
		07D658861ADEE553002DD979 /* Resources */ = {
			isa = PBXResourcesBuildPhase;
			buildActionMask = 2147483647;
			files = (
				07D658961ADEE553002DD979 /* LaunchScreen.xib in Resources */,
				079333151AEF43D800A13665 /* QuizMapViewController.xib in Resources */,
				07D658931ADEE553002DD979 /* Images.xcassets in Resources */,
				0793331A1AEF44FC00A13665 /* HomeViewController.xib in Resources */,
			);
			runOnlyForDeploymentPostprocessing = 0;
		};
		07D658991ADEE553002DD979 /* Resources */ = {
			isa = PBXResourcesBuildPhase;
			buildActionMask = 2147483647;
			files = (
			);
			runOnlyForDeploymentPostprocessing = 0;
		};
/* End PBXResourcesBuildPhase section */

/* Begin PBXShellScriptBuildPhase section */
		E07C40E8DBF9C3F447EB5650 /* Check Pods Manifest.lock */ = {
			isa = PBXShellScriptBuildPhase;
			buildActionMask = 2147483647;
			files = (
			);
			inputPaths = (
			);
			name = "Check Pods Manifest.lock";
			outputPaths = (
			);
			runOnlyForDeploymentPostprocessing = 0;
			shellPath = /bin/sh;
			shellScript = "diff \"${PODS_ROOT}/../Podfile.lock\" \"${PODS_ROOT}/Manifest.lock\" > /dev/null\nif [[ $? != 0 ]] ; then\n    cat << EOM\nerror: The sandbox is not in sync with the Podfile.lock. Run 'pod install' or update your CocoaPods installation.\nEOM\n    exit 1\nfi\n";
			showEnvVarsInLog = 0;
		};
		EE395458467F0A114DD99B6A /* Copy Pods Resources */ = {
			isa = PBXShellScriptBuildPhase;
			buildActionMask = 2147483647;
			files = (
			);
			inputPaths = (
			);
			name = "Copy Pods Resources";
			outputPaths = (
			);
			runOnlyForDeploymentPostprocessing = 0;
			shellPath = /bin/sh;
			shellScript = "\"${SRCROOT}/Pods/Target Support Files/Pods/Pods-resources.sh\"\n";
			showEnvVarsInLog = 0;
		};
/* End PBXShellScriptBuildPhase section */

/* Begin PBXSourcesBuildPhase section */
		07D658841ADEE553002DD979 /* Sources */ = {
			isa = PBXSourcesBuildPhase;
			buildActionMask = 2147483647;
			files = (
				079333141AEF43D800A13665 /* QuizMapViewController.m in Sources */,
				07D658AF1ADEE778002DD979 /* MapViewController.m in Sources */,
				07D658911ADEE553002DD979 /* AppDelegate.m in Sources */,
				078676C11AE85112006D07BB /* WikipediaHelper.m in Sources */,
				07D6588E1ADEE553002DD979 /* main.m in Sources */,
				0793331D1AEF63E500A13665 /* QuestionBank.m in Sources */,
				079333191AEF44FC00A13665 /* HomeViewController.m in Sources */,
				07A66B241AE75A1300756D21 /* WebViewController.m in Sources */,
			);
			runOnlyForDeploymentPostprocessing = 0;
		};
		07D658971ADEE553002DD979 /* Sources */ = {
			isa = PBXSourcesBuildPhase;
			buildActionMask = 2147483647;
			files = (
				07D658A21ADEE553002DD979 /* GeographyTests.m in Sources */,
			);
			runOnlyForDeploymentPostprocessing = 0;
		};
/* End PBXSourcesBuildPhase section */

/* Begin PBXTargetDependency section */
		07D6589D1ADEE553002DD979 /* PBXTargetDependency */ = {
			isa = PBXTargetDependency;
			target = 07D658871ADEE553002DD979 /* Geography */;
			targetProxy = 07D6589C1ADEE553002DD979 /* PBXContainerItemProxy */;
		};
/* End PBXTargetDependency section */

/* Begin PBXVariantGroup section */
		07D658941ADEE553002DD979 /* LaunchScreen.xib */ = {
			isa = PBXVariantGroup;
			children = (
				07D658951ADEE553002DD979 /* Base */,
			);
			name = LaunchScreen.xib;
			sourceTree = "<group>";
		};
/* End PBXVariantGroup section */

/* Begin XCBuildConfiguration section */
		07D658A31ADEE553002DD979 /* Debug */ = {
			isa = XCBuildConfiguration;
			buildSettings = {
				ALWAYS_SEARCH_USER_PATHS = NO;
				CLANG_CXX_LANGUAGE_STANDARD = "gnu++0x";
				CLANG_CXX_LIBRARY = "libc++";
				CLANG_ENABLE_MODULES = YES;
				CLANG_ENABLE_OBJC_ARC = YES;
				CLANG_WARN_BOOL_CONVERSION = YES;
				CLANG_WARN_CONSTANT_CONVERSION = YES;
				CLANG_WARN_DIRECT_OBJC_ISA_USAGE = YES_ERROR;
				CLANG_WARN_EMPTY_BODY = YES;
				CLANG_WARN_ENUM_CONVERSION = YES;
				CLANG_WARN_INT_CONVERSION = YES;
				CLANG_WARN_OBJC_ROOT_CLASS = YES_ERROR;
				CLANG_WARN_UNREACHABLE_CODE = YES;
				CLANG_WARN__DUPLICATE_METHOD_MATCH = YES;
				"CODE_SIGN_IDENTITY[sdk=iphoneos*]" = "iPhone Developer";
				COPY_PHASE_STRIP = NO;
				DEBUG_INFORMATION_FORMAT = "dwarf-with-dsym";
				ENABLE_STRICT_OBJC_MSGSEND = YES;
				GCC_C_LANGUAGE_STANDARD = gnu99;
				GCC_DYNAMIC_NO_PIC = NO;
				GCC_NO_COMMON_BLOCKS = YES;
				GCC_OPTIMIZATION_LEVEL = 0;
				GCC_PREPROCESSOR_DEFINITIONS = (
					"DEBUG=1",
					"$(inherited)",
				);
				GCC_SYMBOLS_PRIVATE_EXTERN = NO;
				GCC_WARN_64_TO_32_BIT_CONVERSION = YES;
				GCC_WARN_ABOUT_RETURN_TYPE = YES_ERROR;
				GCC_WARN_UNDECLARED_SELECTOR = YES;
				GCC_WARN_UNINITIALIZED_AUTOS = YES_AGGRESSIVE;
				GCC_WARN_UNUSED_FUNCTION = YES;
				GCC_WARN_UNUSED_VARIABLE = YES;
				IPHONEOS_DEPLOYMENT_TARGET = 8.3;
				MTL_ENABLE_DEBUG_INFO = YES;
				ONLY_ACTIVE_ARCH = YES;
				SDKROOT = iphoneos;
			};
			name = Debug;
		};
		07D658A41ADEE553002DD979 /* Release */ = {
			isa = XCBuildConfiguration;
			buildSettings = {
				ALWAYS_SEARCH_USER_PATHS = NO;
				CLANG_CXX_LANGUAGE_STANDARD = "gnu++0x";
				CLANG_CXX_LIBRARY = "libc++";
				CLANG_ENABLE_MODULES = YES;
				CLANG_ENABLE_OBJC_ARC = YES;
				CLANG_WARN_BOOL_CONVERSION = YES;
				CLANG_WARN_CONSTANT_CONVERSION = YES;
				CLANG_WARN_DIRECT_OBJC_ISA_USAGE = YES_ERROR;
				CLANG_WARN_EMPTY_BODY = YES;
				CLANG_WARN_ENUM_CONVERSION = YES;
				CLANG_WARN_INT_CONVERSION = YES;
				CLANG_WARN_OBJC_ROOT_CLASS = YES_ERROR;
				CLANG_WARN_UNREACHABLE_CODE = YES;
				CLANG_WARN__DUPLICATE_METHOD_MATCH = YES;
				"CODE_SIGN_IDENTITY[sdk=iphoneos*]" = "iPhone Developer";
				COPY_PHASE_STRIP = NO;
				DEBUG_INFORMATION_FORMAT = "dwarf-with-dsym";
				ENABLE_NS_ASSERTIONS = NO;
				ENABLE_STRICT_OBJC_MSGSEND = YES;
				GCC_C_LANGUAGE_STANDARD = gnu99;
				GCC_NO_COMMON_BLOCKS = YES;
				GCC_WARN_64_TO_32_BIT_CONVERSION = YES;
				GCC_WARN_ABOUT_RETURN_TYPE = YES_ERROR;
				GCC_WARN_UNDECLARED_SELECTOR = YES;
				GCC_WARN_UNINITIALIZED_AUTOS = YES_AGGRESSIVE;
				GCC_WARN_UNUSED_FUNCTION = YES;
				GCC_WARN_UNUSED_VARIABLE = YES;
				IPHONEOS_DEPLOYMENT_TARGET = 8.3;
				MTL_ENABLE_DEBUG_INFO = NO;
				SDKROOT = iphoneos;
				VALIDATE_PRODUCT = YES;
			};
			name = Release;
		};
		07D658A61ADEE553002DD979 /* Debug */ = {
			isa = XCBuildConfiguration;
			baseConfigurationReference = BF25C80EE1EF3B90C5881096 /* Pods.debug.xcconfig */;
			buildSettings = {
				ASSETCATALOG_COMPILER_APPICON_NAME = AppIcon;
				INFOPLIST_FILE = Geography/Info.plist;
				IPHONEOS_DEPLOYMENT_TARGET = 7.1;
				LD_RUNPATH_SEARCH_PATHS = "$(inherited) @executable_path/Frameworks";
				PRODUCT_NAME = "$(TARGET_NAME)";
			};
			name = Debug;
		};
		07D658A71ADEE553002DD979 /* Release */ = {
			isa = XCBuildConfiguration;
			baseConfigurationReference = 92AAA16BBC60B38EF4745319 /* Pods.release.xcconfig */;
			buildSettings = {
				ASSETCATALOG_COMPILER_APPICON_NAME = AppIcon;
				INFOPLIST_FILE = Geography/Info.plist;
				IPHONEOS_DEPLOYMENT_TARGET = 7.1;
				LD_RUNPATH_SEARCH_PATHS = "$(inherited) @executable_path/Frameworks";
				PRODUCT_NAME = "$(TARGET_NAME)";
			};
			name = Release;
		};
		07D658A91ADEE553002DD979 /* Debug */ = {
			isa = XCBuildConfiguration;
			buildSettings = {
				BUNDLE_LOADER = "$(TEST_HOST)";
				FRAMEWORK_SEARCH_PATHS = (
					"$(SDKROOT)/Developer/Library/Frameworks",
					"$(inherited)",
				);
				GCC_PREPROCESSOR_DEFINITIONS = (
					"DEBUG=1",
					"$(inherited)",
				);
				INFOPLIST_FILE = GeographyTests/Info.plist;
				LD_RUNPATH_SEARCH_PATHS = "$(inherited) @executable_path/Frameworks @loader_path/Frameworks";
				PRODUCT_NAME = "$(TARGET_NAME)";
				TEST_HOST = "$(BUILT_PRODUCTS_DIR)/Geography.app/Geography";
			};
			name = Debug;
		};
		07D658AA1ADEE553002DD979 /* Release */ = {
			isa = XCBuildConfiguration;
			buildSettings = {
				BUNDLE_LOADER = "$(TEST_HOST)";
				FRAMEWORK_SEARCH_PATHS = (
					"$(SDKROOT)/Developer/Library/Frameworks",
					"$(inherited)",
				);
				INFOPLIST_FILE = GeographyTests/Info.plist;
				LD_RUNPATH_SEARCH_PATHS = "$(inherited) @executable_path/Frameworks @loader_path/Frameworks";
				PRODUCT_NAME = "$(TARGET_NAME)";
				TEST_HOST = "$(BUILT_PRODUCTS_DIR)/Geography.app/Geography";
			};
			name = Release;
		};
/* End XCBuildConfiguration section */

/* Begin XCConfigurationList section */
		07D658831ADEE553002DD979 /* Build configuration list for PBXProject "Geography" */ = {
			isa = XCConfigurationList;
			buildConfigurations = (
				07D658A31ADEE553002DD979 /* Debug */,
				07D658A41ADEE553002DD979 /* Release */,
			);
			defaultConfigurationIsVisible = 0;
			defaultConfigurationName = Release;
		};
		07D658A51ADEE553002DD979 /* Build configuration list for PBXNativeTarget "Geography" */ = {
			isa = XCConfigurationList;
			buildConfigurations = (
				07D658A61ADEE553002DD979 /* Debug */,
				07D658A71ADEE553002DD979 /* Release */,
			);
			defaultConfigurationIsVisible = 0;
			defaultConfigurationName = Release;
		};
		07D658A81ADEE553002DD979 /* Build configuration list for PBXNativeTarget "GeographyTests" */ = {
			isa = XCConfigurationList;
			buildConfigurations = (
				07D658A91ADEE553002DD979 /* Debug */,
				07D658AA1ADEE553002DD979 /* Release */,
			);
			defaultConfigurationIsVisible = 0;
			defaultConfigurationName = Release;
		};
/* End XCConfigurationList section */
	};
	rootObject = 07D658801ADEE553002DD979 /* Project object */;
}
